<?xml version="1.0" encoding="utf-8"?>
<Project ToolsVersion="4.0" xmlns="http://schemas.microsoft.com/developer/msbuild/2003">
  <ItemGroup>
    <Filter Include="Source Files">
      <UniqueIdentifier>{4FC737F1-C7A5-4376-A066-2A32D752A2FF}</UniqueIdentifier>
      <Extensions>cpp;c;cc;cxx;c++;cppm;ixx;def;odl;idl;hpj;bat;asm;asmx</Extensions>
    </Filter>
    <Filter Include="Header Files">
      <UniqueIdentifier>{93995380-89BD-4b04-88EB-625FBE52EBFB}</UniqueIdentifier>
      <Extensions>h;hh;hpp;hxx;h++;hm;inl;inc;ipp;xsd</Extensions>
    </Filter>
    <Filter Include="Resource Files">
      <UniqueIdentifier>{67DA6AB6-F800-4c08-8B7A-83BB121AAD01}</UniqueIdentifier>
      <Extensions>rc;ico;cur;bmp;dlg;rc2;rct;bin;rgs;gif;jpg;jpeg;jpe;resx;tiff;tif;png;wav;mfcribbon-ms</Extensions>
    </Filter>
    <Filter Include="Header Files\Device">
      <UniqueIdentifier>{d86198d3-4871-49bd-aa1f-c966d468827b}</UniqueIdentifier>
    </Filter>
    <Filter Include="Source Files\Device">
      <UniqueIdentifier>{9fa0e4be-7607-409c-95bc-7007798863b5}</UniqueIdentifier>
    </Filter>
    <Filter Include="Header Files\Resources">
      <UniqueIdentifier>{5c6ce809-100f-4c40-a032-e537a8085a59}</UniqueIdentifier>
    </Filter>
    <Filter Include="Source Files\Resources">
      <UniqueIdentifier>{ee429d33-2295-4da1-91dd-1060b1f83105}</UniqueIdentifier>
    </Filter>
    <Filter Include="Header Files\States">
      <UniqueIdentifier>{d7dc84ac-1bec-4cea-9330-1b7450659c1f}</UniqueIdentifier>
    </Filter>
    <Filter Include="Source Files\States">
      <UniqueIdentifier>{00569dfc-fcd6-4b92-9969-8986f2370896}</UniqueIdentifier>
    </Filter>
    <Filter Include="Header Files\Shaders">
      <UniqueIdentifier>{38aa1a1e-e8d8-4c7a-94f7-8b9fce7397b6}</UniqueIdentifier>
    </Filter>
    <Filter Include="Source Files\Shaders">
      <UniqueIdentifier>{010dc1b5-0fcc-4825-8098-ef7466a9f047}</UniqueIdentifier>
    </Filter>
  </ItemGroup>
  <ItemGroup>
    <ClCompile Include="DirectX12\CommandListDx12.cpp">
      <Filter>Source Files\Device</Filter>
    </ClCompile>
    <ClCompile Include="DirectX12\CommandQueueDx12.cpp">
      <Filter>Source Files\Device</Filter>
    </ClCompile>
    <ClCompile Include="DirectX12\DescriptorHeapDx12.cpp">
      <Filter>Source Files\Device</Filter>
    </ClCompile>
    <ClCompile Include="DirectX12\DeviceDx12.cpp">
      <Filter>Source Files\Device</Filter>
    </ClCompile>
    <ClCompile Include="DirectX12\SwapChainDx12.cpp">
      <Filter>Source Files\Device</Filter>
    </ClCompile>
    <ClCompile Include="DirectX12\ConstantBufferResourceDx12.cpp">
      <Filter>Source Files\Resources</Filter>
    </ClCompile>
    <ClCompile Include="DirectX12\GpuResourceDx12.cpp">
      <Filter>Source Files\Resources</Filter>
    </ClCompile>
    <ClCompile Include="DirectX12\IndexBufferResourceDx12.cpp">
      <Filter>Source Files\Resources</Filter>
    </ClCompile>
    <ClCompile Include="DirectX12\Texture2DResourceDx12.cpp">
      <Filter>Source Files\Resources</Filter>
    </ClCompile>
    <ClCompile Include="DirectX12\VertexBufferResourceDx12.cpp">
      <Filter>Source Files\Resources</Filter>
    </ClCompile>
    <ClCompile Include="DirectX12\SamplerStateDx12.cpp">
      <Filter>Source Files\States</Filter>
    </ClCompile>
    <ClCompile Include="DirectX12\TextureLoader.cpp">
      <Filter>Source Files</Filter>
    </ClCompile>
    <ClCompile Include="DirectX12\ShaderCompilerDX.cpp">
      <Filter>Source Files\Shaders</Filter>
    </ClCompile>
    <ClCompile Include="DirectX12\ShaderCompilerDXC.cpp">
      <Filter>Source Files\Shaders</Filter>
    </ClCompile>
    <ClCompile Include="DirectX12\ShaderCompilerFXC.cpp">
      <Filter>Source Files\Shaders</Filter>
    </ClCompile>
    <ClCompile Include="DirectX12\DeviceState.cpp">
      <Filter>Source Files\Device</Filter>
    </ClCompile>
    <ClCompile Include="DirectX12\DepthBufferResourceDx12.cpp">
      <Filter>Source Files\Resources</Filter>
    </ClCompile>
    <ClCompile Include="DirectX12\RenderTargetResourceDx12.cpp">
      <Filter>Source Files\Resources</Filter>
    </ClCompile>
    <ClCompile Include="DirectX12\TextureCubeResourceDx12.cpp">
      <Filter>Source Files\Resources</Filter>
    </ClCompile>
  </ItemGroup>
  <ItemGroup>
    <ClInclude Include="DirectX12\CommandListDx12.h">
      <Filter>Header Files\Device</Filter>
    </ClInclude>
    <ClInclude Include="DirectX12\CommandQueueDx12.h">
      <Filter>Header Files\Device</Filter>
    </ClInclude>
    <ClInclude Include="DirectX12\DescriptorHeapDx12.h">
      <Filter>Header Files\Device</Filter>
    </ClInclude>
    <ClInclude Include="DirectX12\DeviceDx12.h">
      <Filter>Header Files\Device</Filter>
    </ClInclude>
    <ClInclude Include="DirectX12\Dx12Defines.h">
      <Filter>Header Files\Device</Filter>
    </ClInclude>
    <ClInclude Include="DirectX12\SwapChainDx12.h">
      <Filter>Header Files\Device</Filter>
    </ClInclude>
    <ClInclude Include="DirectX12\ConstantBufferResourceDx12.h">
      <Filter>Header Files\Resources</Filter>
    </ClInclude>
    <ClInclude Include="DirectX12\GpuResourceDx12.h">
      <Filter>Header Files\Resources</Filter>
    </ClInclude>
    <ClInclude Include="DirectX12\IndexBufferResourceDx12.h">
      <Filter>Header Files\Resources</Filter>
    </ClInclude>
    <ClInclude Include="DirectX12\Texture2DResourceDx12.h">
      <Filter>Header Files\Resources</Filter>
    </ClInclude>
    <ClInclude Include="DirectX12\UploadBuffer.h">
      <Filter>Header Files\Resources</Filter>
    </ClInclude>
    <ClInclude Include="DirectX12\VertexBufferResourceDx12.h">
      <Filter>Header Files\Resources</Filter>
    </ClInclude>
    <ClInclude Include="DirectX12\SamplerStateDx12.h">
      <Filter>Header Files\States</Filter>
    </ClInclude>
    <ClInclude Include="DirectX12\TextureLoader.h">
      <Filter>Header Files</Filter>
    </ClInclude>
    <ClInclude Include="DirectX12\ShaderCompilerDX.h">
      <Filter>Header Files\Shaders</Filter>
    </ClInclude>
    <ClInclude Include="DirectX12\ShaderCompilerDXC.h">
      <Filter>Header Files\Shaders</Filter>
    </ClInclude>
    <ClInclude Include="DirectX12\ShaderCompilerFXC.h">
      <Filter>Header Files\Shaders</Filter>
    </ClInclude>
    <ClInclude Include="DirectX12\ShaderDx12.h">
      <Filter>Header Files\Shaders</Filter>
    </ClInclude>
    <ClInclude Include="DirectX12\DeviceState.h">
      <Filter>Header Files\Device</Filter>
    </ClInclude>
    <ClInclude Include="DirectX12\DepthBufferResourceDx12.h">
      <Filter>Header Files\Resources</Filter>
    </ClInclude>
    <ClInclude Include="DirectX12\RenderTargetResourceDx12.h">
      <Filter>Header Files\Resources</Filter>
    </ClInclude>
    <ClInclude Include="DirectX12\TextureCubeResourceDx12.h">
      <Filter>Header Files\Resources</Filter>
    </ClInclude>
  </ItemGroup>
  <ItemGroup>
    <None Include="packages.config" />
  </ItemGroup>
</Project>