
Microsoft Visual Studio Solution File, Format Version 12.00
# Visual Studio Version 17
VisualStudioVersion = 17.4.32804.182
MinimumVisualStudioVersion = 10.0.40219.1
Project("{8BC9CEB8-8B4A-11D0-8D11-00A0C91BC942}") = "DX12_Project", "DX12_Project\DX12_Project.vcxproj", "{ACFAE0BC-B3B1-447B-9948-3044F2898EEA}"
EndProject
Project("{2150E333-8FDC-42A3-9474-1A3956D46DE8}") = "Toolkits", "Toolkits", "{C3ABBD4A-7889-48F1-99FA-1368488A0DE6}"
EndProject
Project("{8BC9CEB8-8B4A-11D0-8D11-00A0C91BC942}") = "ImGUI", "_Toolkits\ImGUI\ImGUI.vcxproj", "{FDB5B585-6DE9-4D33-BF38-B5126BF90E08}"
EndProject
Project("{8BC9CEB8-8B4A-11D0-8D11-00A0C91BC942}") = "DirectXTK12", "_Toolkits\DirectXTK12\DirectXTK_Desktop_2019_Win10.vcxproj", "{3E0E8608-CD9B-4C76-AF33-29CA38F2C9F0}"
EndProject
Project("{2150E333-8FDC-42A3-9474-1A3956D46DE8}") = "Artemis", "Artemis", "{9FB85379-FE65-489F-A0A0-BEBC8CD689AD}"
EndProject
Project("{8BC9CEB8-8B4A-11D0-8D11-00A0C91BC942}") = "Artemis.Core", "Artemis\Artemis.Core\Artemis.Core.vcxproj", "{AD5C575B-F7ED-48FC-8912-B0284CAFEBD3}"
EndProject
Project("{8BC9CEB8-8B4A-11D0-8D11-00A0C91BC942}") = "Artemis.Utilities", "Artemis\Artemis.Utilities\Artemis.Utilities.vcxproj", "{15F52F98-AF29-44E9-9707-8D126651C3DF}"
EndProject
Project("{8BC9CEB8-8B4A-11D0-8D11-00A0C91BC942}") = "Artemis.Renderer.Shaders", "Artemis\Artemis.Renderer.Shaders\Artemis.Renderer.Shaders.vcxproj", "{3E663B95-4A8C-4374-A0F6-3C0534A5DE42}"
EndProject
Project("{8BC9CEB8-8B4A-11D0-8D11-00A0C91BC942}") = "Artemis.Renderer.Interfaces", "Artemis\Artemis.Renderer.Interfaces\Artemis.Renderer.Interfaces.vcxproj", "{FEE2B61D-F6A5-4532-AD38-93F278430BAE}"
EndProject
Project("{8BC9CEB8-8B4A-11D0-8D11-00A0C91BC942}") = "Artemis.Memory", "Artemis\Artemis.Memory\Artemis.Memory.vcxproj", "{98C701B2-2DC5-448F-AB0A-F35F792ACD3B}"
EndProject
Project("{8BC9CEB8-8B4A-11D0-8D11-00A0C91BC942}") = "Artemis.Renderer.Techniques", "Artemis\Artemis.Renderer.Techniques\Artemis.Renderer.Techniques.vcxproj", "{9CFC97D2-1F2E-4012-9D08-DCCD5E68C69F}"
EndProject
Project("{8BC9CEB8-8B4A-11D0-8D11-00A0C91BC942}") = "Artemis.Renderer.Assets", "Artemis\Artemis.Renderer.Assets\Artemis.Renderer.Assets.vcxproj", "{43714D08-38B8-4739-9224-3544F9BA01D5}"
EndProject
Project("{8BC9CEB8-8B4A-11D0-8D11-00A0C91BC942}") = "Artemis.Renderer.Device.DX12", "Artemis\Artemis.Renderer.Device.DX12\Artemis.Renderer.Device.DX12.vcxproj", "{620248A0-08B6-45B2-83F1-BFE5AB797E8C}"
EndProject
Project("{8BC9CEB8-8B4A-11D0-8D11-00A0C91BC942}") = "Artemis.Renderer.Device.Factories", "Artemis\Artemis.Renderer.Device.Factories\Artemis.Renderer.Device.Factories.vcxproj", "{252B954A-7F87-41AC-A534-11F1C8711094}"
EndProject
Project("{8BC9CEB8-8B4A-11D0-8D11-00A0C91BC942}") = "Artemis.Maths", "Artemis\Artemis.Maths\Artemis.Maths.vcxproj", "{1918827A-E53F-476F-81A0-6F61344395A8}"
EndProject
Project("{2150E333-8FDC-42A3-9474-1A3956D46DE8}") = "Artemis Unit Tests", "Artemis Unit Tests", "{FECEE413-ED91-4DDE-886C-DD7165B2F9B7}"
EndProject
Project("{8BC9CEB8-8B4A-11D0-8D11-00A0C91BC942}") = "Artemis.Maths.UnitTests", "ArtemisUT\Artemis.Maths.UnitTests\Artemis.Maths.UnitTests.vcxproj", "{57D8BFEB-603A-4380-A4A0-154DA9BCEE29}"
EndProject
Project("{8BC9CEB8-8B4A-11D0-8D11-00A0C91BC942}") = "Artemis.Core.Jobs", "Artemis\Artemis.Core.Jobs\Artemis.Core.Jobs.vcxproj", "{0F594822-A74F-4932-86D0-FD4C3021545D}"
EndProject
Global
	GlobalSection(SolutionConfigurationPlatforms) = preSolution
		Debug|ARM = Debug|ARM
		Debug|ARM64 = Debug|ARM64
		Debug|x64 = Debug|x64
		Debug|x86 = Debug|x86
		Release|ARM = Release|ARM
		Release|ARM64 = Release|ARM64
		Release|x64 = Release|x64
		Release|x86 = Release|x86
	EndGlobalSection
	GlobalSection(ProjectConfigurationPlatforms) = postSolution
		{ACFAE0BC-B3B1-447B-9948-3044F2898EEA}.Debug|ARM.ActiveCfg = Debug|Win32
		{ACFAE0BC-B3B1-447B-9948-3044F2898EEA}.Debug|ARM64.ActiveCfg = Debug|Win32
		{ACFAE0BC-B3B1-447B-9948-3044F2898EEA}.Debug|x64.ActiveCfg = Debug|x64
		{ACFAE0BC-B3B1-447B-9948-3044F2898EEA}.Debug|x64.Build.0 = Debug|x64
		{ACFAE0BC-B3B1-447B-9948-3044F2898EEA}.Debug|x86.ActiveCfg = Debug|Win32
		{ACFAE0BC-B3B1-447B-9948-3044F2898EEA}.Debug|x86.Build.0 = Debug|Win32
		{ACFAE0BC-B3B1-447B-9948-3044F2898EEA}.Release|ARM.ActiveCfg = Release|Win32
		{ACFAE0BC-B3B1-447B-9948-3044F2898EEA}.Release|ARM64.ActiveCfg = Release|Win32
		{ACFAE0BC-B3B1-447B-9948-3044F2898EEA}.Release|x64.ActiveCfg = Release|x64
		{ACFAE0BC-B3B1-447B-9948-3044F2898EEA}.Release|x64.Build.0 = Release|x64
		{ACFAE0BC-B3B1-447B-9948-3044F2898EEA}.Release|x86.ActiveCfg = Release|Win32
		{ACFAE0BC-B3B1-447B-9948-3044F2898EEA}.Release|x86.Build.0 = Release|Win32
		{FDB5B585-6DE9-4D33-BF38-B5126BF90E08}.Debug|ARM.ActiveCfg = Debug|Win32
		{FDB5B585-6DE9-4D33-BF38-B5126BF90E08}.Debug|ARM64.ActiveCfg = Debug|Win32
		{FDB5B585-6DE9-4D33-BF38-B5126BF90E08}.Debug|x64.ActiveCfg = Debug|x64
		{FDB5B585-6DE9-4D33-BF38-B5126BF90E08}.Debug|x64.Build.0 = Debug|x64
		{FDB5B585-6DE9-4D33-BF38-B5126BF90E08}.Debug|x86.ActiveCfg = Debug|Win32
		{FDB5B585-6DE9-4D33-BF38-B5126BF90E08}.Debug|x86.Build.0 = Debug|Win32
		{FDB5B585-6DE9-4D33-BF38-B5126BF90E08}.Release|ARM.ActiveCfg = Release|Win32
		{FDB5B585-6DE9-4D33-BF38-B5126BF90E08}.Release|ARM64.ActiveCfg = Release|Win32
		{FDB5B585-6DE9-4D33-BF38-B5126BF90E08}.Release|x64.ActiveCfg = Release|x64
		{FDB5B585-6DE9-4D33-BF38-B5126BF90E08}.Release|x64.Build.0 = Release|x64
		{FDB5B585-6DE9-4D33-BF38-B5126BF90E08}.Release|x86.ActiveCfg = Release|Win32
		{FDB5B585-6DE9-4D33-BF38-B5126BF90E08}.Release|x86.Build.0 = Release|Win32
		{3E0E8608-CD9B-4C76-AF33-29CA38F2C9F0}.Debug|ARM.ActiveCfg = Debug|Win32
		{3E0E8608-CD9B-4C76-AF33-29CA38F2C9F0}.Debug|ARM64.ActiveCfg = Debug|ARM64
		{3E0E8608-CD9B-4C76-AF33-29CA38F2C9F0}.Debug|ARM64.Build.0 = Debug|ARM64
		{3E0E8608-CD9B-4C76-AF33-29CA38F2C9F0}.Debug|x64.ActiveCfg = Debug|x64
		{3E0E8608-CD9B-4C76-AF33-29CA38F2C9F0}.Debug|x64.Build.0 = Debug|x64
		{3E0E8608-CD9B-4C76-AF33-29CA38F2C9F0}.Debug|x86.ActiveCfg = Debug|Win32
		{3E0E8608-CD9B-4C76-AF33-29CA38F2C9F0}.Debug|x86.Build.0 = Debug|Win32
		{3E0E8608-CD9B-4C76-AF33-29CA38F2C9F0}.Release|ARM.ActiveCfg = Release|Win32
		{3E0E8608-CD9B-4C76-AF33-29CA38F2C9F0}.Release|ARM64.ActiveCfg = Release|ARM64
		{3E0E8608-CD9B-4C76-AF33-29CA38F2C9F0}.Release|ARM64.Build.0 = Release|ARM64
		{3E0E8608-CD9B-4C76-AF33-29CA38F2C9F0}.Release|x64.ActiveCfg = Release|x64
		{3E0E8608-CD9B-4C76-AF33-29CA38F2C9F0}.Release|x64.Build.0 = Release|x64
		{3E0E8608-CD9B-4C76-AF33-29CA38F2C9F0}.Release|x86.ActiveCfg = Release|Win32
		{3E0E8608-CD9B-4C76-AF33-29CA38F2C9F0}.Release|x86.Build.0 = Release|Win32
		{AD5C575B-F7ED-48FC-8912-B0284CAFEBD3}.Debug|ARM.ActiveCfg = Debug|x64
		{AD5C575B-F7ED-48FC-8912-B0284CAFEBD3}.Debug|ARM.Build.0 = Debug|x64
		{AD5C575B-F7ED-48FC-8912-B0284CAFEBD3}.Debug|ARM64.ActiveCfg = Debug|x64
		{AD5C575B-F7ED-48FC-8912-B0284CAFEBD3}.Debug|ARM64.Build.0 = Debug|x64
		{AD5C575B-F7ED-48FC-8912-B0284CAFEBD3}.Debug|x64.ActiveCfg = Debug|x64
		{AD5C575B-F7ED-48FC-8912-B0284CAFEBD3}.Debug|x64.Build.0 = Debug|x64
		{AD5C575B-F7ED-48FC-8912-B0284CAFEBD3}.Debug|x86.ActiveCfg = Debug|Win32
		{AD5C575B-F7ED-48FC-8912-B0284CAFEBD3}.Debug|x86.Build.0 = Debug|Win32
		{AD5C575B-F7ED-48FC-8912-B0284CAFEBD3}.Release|ARM.ActiveCfg = Release|x64
		{AD5C575B-F7ED-48FC-8912-B0284CAFEBD3}.Release|ARM.Build.0 = Release|x64
		{AD5C575B-F7ED-48FC-8912-B0284CAFEBD3}.Release|ARM64.ActiveCfg = Release|x64
		{AD5C575B-F7ED-48FC-8912-B0284CAFEBD3}.Release|ARM64.Build.0 = Release|x64
		{AD5C575B-F7ED-48FC-8912-B0284CAFEBD3}.Release|x64.ActiveCfg = Release|x64
		{AD5C575B-F7ED-48FC-8912-B0284CAFEBD3}.Release|x64.Build.0 = Release|x64
		{AD5C575B-F7ED-48FC-8912-B0284CAFEBD3}.Release|x86.ActiveCfg = Release|Win32
		{AD5C575B-F7ED-48FC-8912-B0284CAFEBD3}.Release|x86.Build.0 = Release|Win32
		{15F52F98-AF29-44E9-9707-8D126651C3DF}.Debug|ARM.ActiveCfg = Debug|x64
		{15F52F98-AF29-44E9-9707-8D126651C3DF}.Debug|ARM.Build.0 = Debug|x64
		{15F52F98-AF29-44E9-9707-8D126651C3DF}.Debug|ARM64.ActiveCfg = Debug|x64
		{15F52F98-AF29-44E9-9707-8D126651C3DF}.Debug|ARM64.Build.0 = Debug|x64
		{15F52F98-AF29-44E9-9707-8D126651C3DF}.Debug|x64.ActiveCfg = Debug|x64
		{15F52F98-AF29-44E9-9707-8D126651C3DF}.Debug|x64.Build.0 = Debug|x64
		{15F52F98-AF29-44E9-9707-8D126651C3DF}.Debug|x86.ActiveCfg = Debug|Win32
		{15F52F98-AF29-44E9-9707-8D126651C3DF}.Debug|x86.Build.0 = Debug|Win32
		{15F52F98-AF29-44E9-9707-8D126651C3DF}.Release|ARM.ActiveCfg = Release|x64
		{15F52F98-AF29-44E9-9707-8D126651C3DF}.Release|ARM.Build.0 = Release|x64
		{15F52F98-AF29-44E9-9707-8D126651C3DF}.Release|ARM64.ActiveCfg = Release|x64
		{15F52F98-AF29-44E9-9707-8D126651C3DF}.Release|ARM64.Build.0 = Release|x64
		{15F52F98-AF29-44E9-9707-8D126651C3DF}.Release|x64.ActiveCfg = Release|x64
		{15F52F98-AF29-44E9-9707-8D126651C3DF}.Release|x64.Build.0 = Release|x64
		{15F52F98-AF29-44E9-9707-8D126651C3DF}.Release|x86.ActiveCfg = Release|Win32
		{15F52F98-AF29-44E9-9707-8D126651C3DF}.Release|x86.Build.0 = Release|Win32
		{3E663B95-4A8C-4374-A0F6-3C0534A5DE42}.Debug|ARM.ActiveCfg = Debug|x64
		{3E663B95-4A8C-4374-A0F6-3C0534A5DE42}.Debug|ARM.Build.0 = Debug|x64
		{3E663B95-4A8C-4374-A0F6-3C0534A5DE42}.Debug|ARM64.ActiveCfg = Debug|x64
		{3E663B95-4A8C-4374-A0F6-3C0534A5DE42}.Debug|ARM64.Build.0 = Debug|x64
		{3E663B95-4A8C-4374-A0F6-3C0534A5DE42}.Debug|x64.ActiveCfg = Debug|x64
		{3E663B95-4A8C-4374-A0F6-3C0534A5DE42}.Debug|x64.Build.0 = Debug|x64
		{3E663B95-4A8C-4374-A0F6-3C0534A5DE42}.Debug|x86.ActiveCfg = Debug|Win32
		{3E663B95-4A8C-4374-A0F6-3C0534A5DE42}.Debug|x86.Build.0 = Debug|Win32
		{3E663B95-4A8C-4374-A0F6-3C0534A5DE42}.Release|ARM.ActiveCfg = Release|x64
		{3E663B95-4A8C-4374-A0F6-3C0534A5DE42}.Release|ARM.Build.0 = Release|x64
		{3E663B95-4A8C-4374-A0F6-3C0534A5DE42}.Release|ARM64.ActiveCfg = Release|x64
		{3E663B95-4A8C-4374-A0F6-3C0534A5DE42}.Release|ARM64.Build.0 = Release|x64
		{3E663B95-4A8C-4374-A0F6-3C0534A5DE42}.Release|x64.ActiveCfg = Release|x64
		{3E663B95-4A8C-4374-A0F6-3C0534A5DE42}.Release|x64.Build.0 = Release|x64
		{3E663B95-4A8C-4374-A0F6-3C0534A5DE42}.Release|x86.ActiveCfg = Release|Win32
		{3E663B95-4A8C-4374-A0F6-3C0534A5DE42}.Release|x86.Build.0 = Release|Win32
		{FEE2B61D-F6A5-4532-AD38-93F278430BAE}.Debug|ARM.ActiveCfg = Debug|x64
		{FEE2B61D-F6A5-4532-AD38-93F278430BAE}.Debug|ARM.Build.0 = Debug|x64
		{FEE2B61D-F6A5-4532-AD38-93F278430BAE}.Debug|ARM64.ActiveCfg = Debug|x64
		{FEE2B61D-F6A5-4532-AD38-93F278430BAE}.Debug|ARM64.Build.0 = Debug|x64
		{FEE2B61D-F6A5-4532-AD38-93F278430BAE}.Debug|x64.ActiveCfg = Debug|x64
		{FEE2B61D-F6A5-4532-AD38-93F278430BAE}.Debug|x64.Build.0 = Debug|x64
		{FEE2B61D-F6A5-4532-AD38-93F278430BAE}.Debug|x86.ActiveCfg = Debug|Win32
		{FEE2B61D-F6A5-4532-AD38-93F278430BAE}.Debug|x86.Build.0 = Debug|Win32
		{FEE2B61D-F6A5-4532-AD38-93F278430BAE}.Release|ARM.ActiveCfg = Release|x64
		{FEE2B61D-F6A5-4532-AD38-93F278430BAE}.Release|ARM.Build.0 = Release|x64
		{FEE2B61D-F6A5-4532-AD38-93F278430BAE}.Release|ARM64.ActiveCfg = Release|x64
		{FEE2B61D-F6A5-4532-AD38-93F278430BAE}.Release|ARM64.Build.0 = Release|x64
		{FEE2B61D-F6A5-4532-AD38-93F278430BAE}.Release|x64.ActiveCfg = Release|x64
		{FEE2B61D-F6A5-4532-AD38-93F278430BAE}.Release|x64.Build.0 = Release|x64
		{FEE2B61D-F6A5-4532-AD38-93F278430BAE}.Release|x86.ActiveCfg = Release|Win32
		{FEE2B61D-F6A5-4532-AD38-93F278430BAE}.Release|x86.Build.0 = Release|Win32
		{98C701B2-2DC5-448F-AB0A-F35F792ACD3B}.Debug|ARM.ActiveCfg = Debug|x64
		{98C701B2-2DC5-448F-AB0A-F35F792ACD3B}.Debug|ARM.Build.0 = Debug|x64
		{98C701B2-2DC5-448F-AB0A-F35F792ACD3B}.Debug|ARM64.ActiveCfg = Debug|x64
		{98C701B2-2DC5-448F-AB0A-F35F792ACD3B}.Debug|ARM64.Build.0 = Debug|x64
		{98C701B2-2DC5-448F-AB0A-F35F792ACD3B}.Debug|x64.ActiveCfg = Debug|x64
		{98C701B2-2DC5-448F-AB0A-F35F792ACD3B}.Debug|x64.Build.0 = Debug|x64
		{98C701B2-2DC5-448F-AB0A-F35F792ACD3B}.Debug|x86.ActiveCfg = Debug|Win32
		{98C701B2-2DC5-448F-AB0A-F35F792ACD3B}.Debug|x86.Build.0 = Debug|Win32
		{98C701B2-2DC5-448F-AB0A-F35F792ACD3B}.Release|ARM.ActiveCfg = Release|x64
		{98C701B2-2DC5-448F-AB0A-F35F792ACD3B}.Release|ARM.Build.0 = Release|x64
		{98C701B2-2DC5-448F-AB0A-F35F792ACD3B}.Release|ARM64.ActiveCfg = Release|x64
		{98C701B2-2DC5-448F-AB0A-F35F792ACD3B}.Release|ARM64.Build.0 = Release|x64
		{98C701B2-2DC5-448F-AB0A-F35F792ACD3B}.Release|x64.ActiveCfg = Release|x64
		{98C701B2-2DC5-448F-AB0A-F35F792ACD3B}.Release|x64.Build.0 = Release|x64
		{98C701B2-2DC5-448F-AB0A-F35F792ACD3B}.Release|x86.ActiveCfg = Release|Win32
		{98C701B2-2DC5-448F-AB0A-F35F792ACD3B}.Release|x86.Build.0 = Release|Win32
		{9CFC97D2-1F2E-4012-9D08-DCCD5E68C69F}.Debug|ARM.ActiveCfg = Debug|x64
		{9CFC97D2-1F2E-4012-9D08-DCCD5E68C69F}.Debug|ARM.Build.0 = Debug|x64
		{9CFC97D2-1F2E-4012-9D08-DCCD5E68C69F}.Debug|ARM64.ActiveCfg = Debug|x64
		{9CFC97D2-1F2E-4012-9D08-DCCD5E68C69F}.Debug|ARM64.Build.0 = Debug|x64
		{9CFC97D2-1F2E-4012-9D08-DCCD5E68C69F}.Debug|x64.ActiveCfg = Debug|x64
		{9CFC97D2-1F2E-4012-9D08-DCCD5E68C69F}.Debug|x64.Build.0 = Debug|x64
		{9CFC97D2-1F2E-4012-9D08-DCCD5E68C69F}.Debug|x86.ActiveCfg = Debug|Win32
		{9CFC97D2-1F2E-4012-9D08-DCCD5E68C69F}.Debug|x86.Build.0 = Debug|Win32
		{9CFC97D2-1F2E-4012-9D08-DCCD5E68C69F}.Release|ARM.ActiveCfg = Release|x64
		{9CFC97D2-1F2E-4012-9D08-DCCD5E68C69F}.Release|ARM.Build.0 = Release|x64
		{9CFC97D2-1F2E-4012-9D08-DCCD5E68C69F}.Release|ARM64.ActiveCfg = Release|x64
		{9CFC97D2-1F2E-4012-9D08-DCCD5E68C69F}.Release|ARM64.Build.0 = Release|x64
		{9CFC97D2-1F2E-4012-9D08-DCCD5E68C69F}.Release|x64.ActiveCfg = Release|x64
		{9CFC97D2-1F2E-4012-9D08-DCCD5E68C69F}.Release|x64.Build.0 = Release|x64
		{9CFC97D2-1F2E-4012-9D08-DCCD5E68C69F}.Release|x86.ActiveCfg = Release|Win32
		{9CFC97D2-1F2E-4012-9D08-DCCD5E68C69F}.Release|x86.Build.0 = Release|Win32
		{43714D08-38B8-4739-9224-3544F9BA01D5}.Debug|ARM.ActiveCfg = Debug|x64
		{43714D08-38B8-4739-9224-3544F9BA01D5}.Debug|ARM.Build.0 = Debug|x64
		{43714D08-38B8-4739-9224-3544F9BA01D5}.Debug|ARM64.ActiveCfg = Debug|x64
		{43714D08-38B8-4739-9224-3544F9BA01D5}.Debug|ARM64.Build.0 = Debug|x64
		{43714D08-38B8-4739-9224-3544F9BA01D5}.Debug|x64.ActiveCfg = Debug|x64
		{43714D08-38B8-4739-9224-3544F9BA01D5}.Debug|x64.Build.0 = Debug|x64
		{43714D08-38B8-4739-9224-3544F9BA01D5}.Debug|x86.ActiveCfg = Debug|Win32
		{43714D08-38B8-4739-9224-3544F9BA01D5}.Debug|x86.Build.0 = Debug|Win32
		{43714D08-38B8-4739-9224-3544F9BA01D5}.Release|ARM.ActiveCfg = Release|x64
		{43714D08-38B8-4739-9224-3544F9BA01D5}.Release|ARM.Build.0 = Release|x64
		{43714D08-38B8-4739-9224-3544F9BA01D5}.Release|ARM64.ActiveCfg = Release|x64
		{43714D08-38B8-4739-9224-3544F9BA01D5}.Release|ARM64.Build.0 = Release|x64
		{43714D08-38B8-4739-9224-3544F9BA01D5}.Release|x64.ActiveCfg = Release|x64
		{43714D08-38B8-4739-9224-3544F9BA01D5}.Release|x64.Build.0 = Release|x64
		{43714D08-38B8-4739-9224-3544F9BA01D5}.Release|x86.ActiveCfg = Release|Win32
		{43714D08-38B8-4739-9224-3544F9BA01D5}.Release|x86.Build.0 = Release|Win32
		{620248A0-08B6-45B2-83F1-BFE5AB797E8C}.Debug|ARM.ActiveCfg = Debug|x64
		{620248A0-08B6-45B2-83F1-BFE5AB797E8C}.Debug|ARM.Build.0 = Debug|x64
		{620248A0-08B6-45B2-83F1-BFE5AB797E8C}.Debug|ARM64.ActiveCfg = Debug|x64
		{620248A0-08B6-45B2-83F1-BFE5AB797E8C}.Debug|ARM64.Build.0 = Debug|x64
		{620248A0-08B6-45B2-83F1-BFE5AB797E8C}.Debug|x64.ActiveCfg = Debug|x64
		{620248A0-08B6-45B2-83F1-BFE5AB797E8C}.Debug|x64.Build.0 = Debug|x64
		{620248A0-08B6-45B2-83F1-BFE5AB797E8C}.Debug|x86.ActiveCfg = Debug|Win32
		{620248A0-08B6-45B2-83F1-BFE5AB797E8C}.Debug|x86.Build.0 = Debug|Win32
		{620248A0-08B6-45B2-83F1-BFE5AB797E8C}.Release|ARM.ActiveCfg = Release|x64
		{620248A0-08B6-45B2-83F1-BFE5AB797E8C}.Release|ARM.Build.0 = Release|x64
		{620248A0-08B6-45B2-83F1-BFE5AB797E8C}.Release|ARM64.ActiveCfg = Release|x64
		{620248A0-08B6-45B2-83F1-BFE5AB797E8C}.Release|ARM64.Build.0 = Release|x64
		{620248A0-08B6-45B2-83F1-BFE5AB797E8C}.Release|x64.ActiveCfg = Release|x64
		{620248A0-08B6-45B2-83F1-BFE5AB797E8C}.Release|x64.Build.0 = Release|x64
		{620248A0-08B6-45B2-83F1-BFE5AB797E8C}.Release|x86.ActiveCfg = Release|Win32
		{620248A0-08B6-45B2-83F1-BFE5AB797E8C}.Release|x86.Build.0 = Release|Win32
		{252B954A-7F87-41AC-A534-11F1C8711094}.Debug|ARM.ActiveCfg = Debug|x64
		{252B954A-7F87-41AC-A534-11F1C8711094}.Debug|ARM.Build.0 = Debug|x64
		{252B954A-7F87-41AC-A534-11F1C8711094}.Debug|ARM64.ActiveCfg = Debug|x64
		{252B954A-7F87-41AC-A534-11F1C8711094}.Debug|ARM64.Build.0 = Debug|x64
		{252B954A-7F87-41AC-A534-11F1C8711094}.Debug|x64.ActiveCfg = Debug|x64
		{252B954A-7F87-41AC-A534-11F1C8711094}.Debug|x64.Build.0 = Debug|x64
		{252B954A-7F87-41AC-A534-11F1C8711094}.Debug|x86.ActiveCfg = Debug|Win32
		{252B954A-7F87-41AC-A534-11F1C8711094}.Debug|x86.Build.0 = Debug|Win32
		{252B954A-7F87-41AC-A534-11F1C8711094}.Release|ARM.ActiveCfg = Release|x64
		{252B954A-7F87-41AC-A534-11F1C8711094}.Release|ARM.Build.0 = Release|x64
		{252B954A-7F87-41AC-A534-11F1C8711094}.Release|ARM64.ActiveCfg = Release|x64
		{252B954A-7F87-41AC-A534-11F1C8711094}.Release|ARM64.Build.0 = Release|x64
		{252B954A-7F87-41AC-A534-11F1C8711094}.Release|x64.ActiveCfg = Release|x64
		{252B954A-7F87-41AC-A534-11F1C8711094}.Release|x64.Build.0 = Release|x64
		{252B954A-7F87-41AC-A534-11F1C8711094}.Release|x86.ActiveCfg = Release|Win32
		{252B954A-7F87-41AC-A534-11F1C8711094}.Release|x86.Build.0 = Release|Win32
		{1918827A-E53F-476F-81A0-6F61344395A8}.Debug|ARM.ActiveCfg = Debug|x64
		{1918827A-E53F-476F-81A0-6F61344395A8}.Debug|ARM.Build.0 = Debug|x64
		{1918827A-E53F-476F-81A0-6F61344395A8}.Debug|ARM64.ActiveCfg = Debug|x64
		{1918827A-E53F-476F-81A0-6F61344395A8}.Debug|ARM64.Build.0 = Debug|x64
		{1918827A-E53F-476F-81A0-6F61344395A8}.Debug|x64.ActiveCfg = Debug|x64
		{1918827A-E53F-476F-81A0-6F61344395A8}.Debug|x64.Build.0 = Debug|x64
		{1918827A-E53F-476F-81A0-6F61344395A8}.Debug|x86.ActiveCfg = Debug|Win32
		{1918827A-E53F-476F-81A0-6F61344395A8}.Debug|x86.Build.0 = Debug|Win32
		{1918827A-E53F-476F-81A0-6F61344395A8}.Release|ARM.ActiveCfg = Release|x64
		{1918827A-E53F-476F-81A0-6F61344395A8}.Release|ARM.Build.0 = Release|x64
		{1918827A-E53F-476F-81A0-6F61344395A8}.Release|ARM64.ActiveCfg = Release|x64
		{1918827A-E53F-476F-81A0-6F61344395A8}.Release|ARM64.Build.0 = Release|x64
		{1918827A-E53F-476F-81A0-6F61344395A8}.Release|x64.ActiveCfg = Release|x64
		{1918827A-E53F-476F-81A0-6F61344395A8}.Release|x64.Build.0 = Release|x64
		{1918827A-E53F-476F-81A0-6F61344395A8}.Release|x86.ActiveCfg = Release|Win32
		{1918827A-E53F-476F-81A0-6F61344395A8}.Release|x86.Build.0 = Release|Win32
		{57D8BFEB-603A-4380-A4A0-154DA9BCEE29}.Debug|ARM.ActiveCfg = Debug|x64
		{57D8BFEB-603A-4380-A4A0-154DA9BCEE29}.Debug|ARM.Build.0 = Debug|x64
		{57D8BFEB-603A-4380-A4A0-154DA9BCEE29}.Debug|ARM64.ActiveCfg = Debug|x64
		{57D8BFEB-603A-4380-A4A0-154DA9BCEE29}.Debug|ARM64.Build.0 = Debug|x64
		{57D8BFEB-603A-4380-A4A0-154DA9BCEE29}.Debug|x64.ActiveCfg = Debug|x64
		{57D8BFEB-603A-4380-A4A0-154DA9BCEE29}.Debug|x64.Build.0 = Debug|x64
		{57D8BFEB-603A-4380-A4A0-154DA9BCEE29}.Debug|x86.ActiveCfg = Debug|Win32
		{57D8BFEB-603A-4380-A4A0-154DA9BCEE29}.Debug|x86.Build.0 = Debug|Win32
		{57D8BFEB-603A-4380-A4A0-154DA9BCEE29}.Release|ARM.ActiveCfg = Release|x64
		{57D8BFEB-603A-4380-A4A0-154DA9BCEE29}.Release|ARM.Build.0 = Release|x64
		{57D8BFEB-603A-4380-A4A0-154DA9BCEE29}.Release|ARM64.ActiveCfg = Release|x64
		{57D8BFEB-603A-4380-A4A0-154DA9BCEE29}.Release|ARM64.Build.0 = Release|x64
		{57D8BFEB-603A-4380-A4A0-154DA9BCEE29}.Release|x64.ActiveCfg = Release|x64
		{57D8BFEB-603A-4380-A4A0-154DA9BCEE29}.Release|x64.Build.0 = Release|x64
		{57D8BFEB-603A-4380-A4A0-154DA9BCEE29}.Release|x86.ActiveCfg = Release|Win32
		{57D8BFEB-603A-4380-A4A0-154DA9BCEE29}.Release|x86.Build.0 = Release|Win32
		{0F594822-A74F-4932-86D0-FD4C3021545D}.Debug|ARM.ActiveCfg = Debug|x64
		{0F594822-A74F-4932-86D0-FD4C3021545D}.Debug|ARM.Build.0 = Debug|x64
		{0F594822-A74F-4932-86D0-FD4C3021545D}.Debug|ARM64.ActiveCfg = Debug|x64
		{0F594822-A74F-4932-86D0-FD4C3021545D}.Debug|ARM64.Build.0 = Debug|x64
		{0F594822-A74F-4932-86D0-FD4C3021545D}.Debug|x64.ActiveCfg = Debug|x64
		{0F594822-A74F-4932-86D0-FD4C3021545D}.Debug|x64.Build.0 = Debug|x64
		{0F594822-A74F-4932-86D0-FD4C3021545D}.Debug|x86.ActiveCfg = Debug|Win32
		{0F594822-A74F-4932-86D0-FD4C3021545D}.Debug|x86.Build.0 = Debug|Win32
		{0F594822-A74F-4932-86D0-FD4C3021545D}.Release|ARM.ActiveCfg = Release|x64
		{0F594822-A74F-4932-86D0-FD4C3021545D}.Release|ARM.Build.0 = Release|x64
		{0F594822-A74F-4932-86D0-FD4C3021545D}.Release|ARM64.ActiveCfg = Release|x64
		{0F594822-A74F-4932-86D0-FD4C3021545D}.Release|ARM64.Build.0 = Release|x64
		{0F594822-A74F-4932-86D0-FD4C3021545D}.Release|x64.ActiveCfg = Release|x64
		{0F594822-A74F-4932-86D0-FD4C3021545D}.Release|x64.Build.0 = Release|x64
		{0F594822-A74F-4932-86D0-FD4C3021545D}.Release|x86.ActiveCfg = Release|Win32
		{0F594822-A74F-4932-86D0-FD4C3021545D}.Release|x86.Build.0 = Release|Win32
	EndGlobalSection
	GlobalSection(SolutionProperties) = preSolution
		HideSolutionNode = FALSE
	EndGlobalSection
	GlobalSection(NestedProjects) = preSolution
		{FDB5B585-6DE9-4D33-BF38-B5126BF90E08} = {C3ABBD4A-7889-48F1-99FA-1368488A0DE6}
		{3E0E8608-CD9B-4C76-AF33-29CA38F2C9F0} = {C3ABBD4A-7889-48F1-99FA-1368488A0DE6}
		{AD5C575B-F7ED-48FC-8912-B0284CAFEBD3} = {9FB85379-FE65-489F-A0A0-BEBC8CD689AD}
		{15F52F98-AF29-44E9-9707-8D126651C3DF} = {9FB85379-FE65-489F-A0A0-BEBC8CD689AD}
		{3E663B95-4A8C-4374-A0F6-3C0534A5DE42} = {9FB85379-FE65-489F-A0A0-BEBC8CD689AD}
		{FEE2B61D-F6A5-4532-AD38-93F278430BAE} = {9FB85379-FE65-489F-A0A0-BEBC8CD689AD}
		{98C701B2-2DC5-448F-AB0A-F35F792ACD3B} = {9FB85379-FE65-489F-A0A0-BEBC8CD689AD}
		{9CFC97D2-1F2E-4012-9D08-DCCD5E68C69F} = {9FB85379-FE65-489F-A0A0-BEBC8CD689AD}
		{43714D08-38B8-4739-9224-3544F9BA01D5} = {9FB85379-FE65-489F-A0A0-BEBC8CD689AD}
		{620248A0-08B6-45B2-83F1-BFE5AB797E8C} = {9FB85379-FE65-489F-A0A0-BEBC8CD689AD}
		{252B954A-7F87-41AC-A534-11F1C8711094} = {9FB85379-FE65-489F-A0A0-BEBC8CD689AD}
		{1918827A-E53F-476F-81A0-6F61344395A8} = {9FB85379-FE65-489F-A0A0-BEBC8CD689AD}
		{57D8BFEB-603A-4380-A4A0-154DA9BCEE29} = {FECEE413-ED91-4DDE-886C-DD7165B2F9B7}
		{0F594822-A74F-4932-86D0-FD4C3021545D} = {9FB85379-FE65-489F-A0A0-BEBC8CD689AD}
	EndGlobalSection
	GlobalSection(ExtensibilityGlobals) = postSolution
		SolutionGuid = {42F2AEDE-8D2F-4A38-9270-C1273B423FAB}
	EndGlobalSection
EndGlobal
