
Microsoft Visual Studio Solution File, Format Version 12.00
# Visual Studio Version 17
VisualStudioVersion = 17.0.31611.283
MinimumVisualStudioVersion = 10.0.40219.1
Project("{9A19103F-16F7-4668-BE54-9A1E7A4F7556}") = "Artemis.Editor.AssetBrowser", "Artemis.Editor.AssetBrowser\Artemis.Editor.AssetBrowser.csproj", "{BB3CFC17-6E2B-41FB-B752-F6D69E322C3C}"
EndProject
Project("{9A19103F-16F7-4668-BE54-9A1E7A4F7556}") = "Artemis.Editor.Project", "Artemis.Editor.Project\Artemis.Editor.Project.csproj", "{E73274CF-8D25-4888-9DED-960C75C3339B}"
EndProject
Project("{9A19103F-16F7-4668-BE54-9A1E7A4F7556}") = "Artemis.App", "Artemis.App\Artemis.App.csproj", "{82E4336B-D692-417C-AEAD-D5BAC0D8B1E2}"
EndProject
Project("{9A19103F-16F7-4668-BE54-9A1E7A4F7556}") = "Artemis.Editor", "Artemis.Editor\Artemis.Editor.csproj", "{C14F93D8-1F13-4C42-9DFB-8C9864E904D7}"
EndProject
Project("{9A19103F-16F7-4668-BE54-9A1E7A4F7556}") = "Artemis.Editor.FileIO", "Artemis.Editor.FileIO\Artemis.Editor.FileIO.csproj", "{FA3C9AFA-BAC5-46AD-81EE-16F1E64D26F8}"
EndProject
Project("{9A19103F-16F7-4668-BE54-9A1E7A4F7556}") = "Artemis.Editor.Controls", "Artemis.Editor.Controls\Artemis.Editor.Controls.csproj", "{DD495E32-07E8-4934-A90D-E7E62EAE9548}"
EndProject
Project("{9A19103F-16F7-4668-BE54-9A1E7A4F7556}") = "Artemis.Editor.Interfaces", "Artemis.Interfaces\Artemis.Editor.Interfaces.csproj", "{93F1C638-BE07-48B9-8A0B-8F0EFDFA7EAD}"
EndProject
Project("{2150E333-8FDC-42A3-9474-1A3956D46DE8}") = "Editor", "Editor", "{0B36197E-8C6F-4BF5-984F-3D1EC66B5C62}"
EndProject
Project("{2150E333-8FDC-42A3-9474-1A3956D46DE8}") = "Unit Tests", "Unit Tests", "{4697A985-5150-4679-972B-BC981D7AB1B1}"
EndProject
Project("{FAE04EC0-301F-11D3-BF4B-00C04F79EFBC}") = "Artemis.Editor.AssetBrowser.UnitTests", "UnitTests\Artemis.Editor.AssetBrowser.UnitTests\Artemis.Editor.AssetBrowser.UnitTests.csproj", "{0A18A76B-6E91-477C-B569-5B027DFB1F91}"
EndProject
Global
	GlobalSection(SolutionConfigurationPlatforms) = preSolution
		Debug|Any CPU = Debug|Any CPU
		Release|Any CPU = Release|Any CPU
	EndGlobalSection
	GlobalSection(ProjectConfigurationPlatforms) = postSolution
		{BB3CFC17-6E2B-41FB-B752-F6D69E322C3C}.Debug|Any CPU.ActiveCfg = Debug|Any CPU
		{BB3CFC17-6E2B-41FB-B752-F6D69E322C3C}.Debug|Any CPU.Build.0 = Debug|Any CPU
		{BB3CFC17-6E2B-41FB-B752-F6D69E322C3C}.Release|Any CPU.ActiveCfg = Release|Any CPU
		{BB3CFC17-6E2B-41FB-B752-F6D69E322C3C}.Release|Any CPU.Build.0 = Release|Any CPU
		{E73274CF-8D25-4888-9DED-960C75C3339B}.Debug|Any CPU.ActiveCfg = Debug|Any CPU
		{E73274CF-8D25-4888-9DED-960C75C3339B}.Debug|Any CPU.Build.0 = Debug|Any CPU
		{E73274CF-8D25-4888-9DED-960C75C3339B}.Release|Any CPU.ActiveCfg = Release|Any CPU
		{E73274CF-8D25-4888-9DED-960C75C3339B}.Release|Any CPU.Build.0 = Release|Any CPU
		{82E4336B-D692-417C-AEAD-D5BAC0D8B1E2}.Debug|Any CPU.ActiveCfg = Debug|Any CPU
		{82E4336B-D692-417C-AEAD-D5BAC0D8B1E2}.Debug|Any CPU.Build.0 = Debug|Any CPU
		{82E4336B-D692-417C-AEAD-D5BAC0D8B1E2}.Debug|Any CPU.Deploy.0 = Debug|Any CPU
		{82E4336B-D692-417C-AEAD-D5BAC0D8B1E2}.Release|Any CPU.ActiveCfg = Release|Any CPU
		{82E4336B-D692-417C-AEAD-D5BAC0D8B1E2}.Release|Any CPU.Build.0 = Release|Any CPU
		{82E4336B-D692-417C-AEAD-D5BAC0D8B1E2}.Release|Any CPU.Deploy.0 = Release|Any CPU
		{C14F93D8-1F13-4C42-9DFB-8C9864E904D7}.Debug|Any CPU.ActiveCfg = Debug|Any CPU
		{C14F93D8-1F13-4C42-9DFB-8C9864E904D7}.Debug|Any CPU.Build.0 = Debug|Any CPU
		{C14F93D8-1F13-4C42-9DFB-8C9864E904D7}.Release|Any CPU.ActiveCfg = Release|Any CPU
		{C14F93D8-1F13-4C42-9DFB-8C9864E904D7}.Release|Any CPU.Build.0 = Release|Any CPU
		{FA3C9AFA-BAC5-46AD-81EE-16F1E64D26F8}.Debug|Any CPU.ActiveCfg = Debug|Any CPU
		{FA3C9AFA-BAC5-46AD-81EE-16F1E64D26F8}.Debug|Any CPU.Build.0 = Debug|Any CPU
		{FA3C9AFA-BAC5-46AD-81EE-16F1E64D26F8}.Release|Any CPU.ActiveCfg = Release|Any CPU
		{FA3C9AFA-BAC5-46AD-81EE-16F1E64D26F8}.Release|Any CPU.Build.0 = Release|Any CPU
		{DD495E32-07E8-4934-A90D-E7E62EAE9548}.Debug|Any CPU.ActiveCfg = Debug|Any CPU
		{DD495E32-07E8-4934-A90D-E7E62EAE9548}.Debug|Any CPU.Build.0 = Debug|Any CPU
		{DD495E32-07E8-4934-A90D-E7E62EAE9548}.Release|Any CPU.ActiveCfg = Release|Any CPU
		{DD495E32-07E8-4934-A90D-E7E62EAE9548}.Release|Any CPU.Build.0 = Release|Any CPU
		{93F1C638-BE07-48B9-8A0B-8F0EFDFA7EAD}.Debug|Any CPU.ActiveCfg = Debug|Any CPU
		{93F1C638-BE07-48B9-8A0B-8F0EFDFA7EAD}.Debug|Any CPU.Build.0 = Debug|Any CPU
		{93F1C638-BE07-48B9-8A0B-8F0EFDFA7EAD}.Release|Any CPU.ActiveCfg = Release|Any CPU
		{93F1C638-BE07-48B9-8A0B-8F0EFDFA7EAD}.Release|Any CPU.Build.0 = Release|Any CPU
		{0A18A76B-6E91-477C-B569-5B027DFB1F91}.Debug|Any CPU.ActiveCfg = Debug|Any CPU
		{0A18A76B-6E91-477C-B569-5B027DFB1F91}.Debug|Any CPU.Build.0 = Debug|Any CPU
		{0A18A76B-6E91-477C-B569-5B027DFB1F91}.Release|Any CPU.ActiveCfg = Release|Any CPU
		{0A18A76B-6E91-477C-B569-5B027DFB1F91}.Release|Any CPU.Build.0 = Release|Any CPU
	EndGlobalSection
	GlobalSection(SolutionProperties) = preSolution
		HideSolutionNode = FALSE
	EndGlobalSection
	GlobalSection(NestedProjects) = preSolution
		{BB3CFC17-6E2B-41FB-B752-F6D69E322C3C} = {0B36197E-8C6F-4BF5-984F-3D1EC66B5C62}
		{E73274CF-8D25-4888-9DED-960C75C3339B} = {0B36197E-8C6F-4BF5-984F-3D1EC66B5C62}
		{82E4336B-D692-417C-AEAD-D5BAC0D8B1E2} = {0B36197E-8C6F-4BF5-984F-3D1EC66B5C62}
		{C14F93D8-1F13-4C42-9DFB-8C9864E904D7} = {0B36197E-8C6F-4BF5-984F-3D1EC66B5C62}
		{FA3C9AFA-BAC5-46AD-81EE-16F1E64D26F8} = {0B36197E-8C6F-4BF5-984F-3D1EC66B5C62}
		{DD495E32-07E8-4934-A90D-E7E62EAE9548} = {0B36197E-8C6F-4BF5-984F-3D1EC66B5C62}
		{93F1C638-BE07-48B9-8A0B-8F0EFDFA7EAD} = {0B36197E-8C6F-4BF5-984F-3D1EC66B5C62}
		{0A18A76B-6E91-477C-B569-5B027DFB1F91} = {4697A985-5150-4679-972B-BC981D7AB1B1}
	EndGlobalSection
	GlobalSection(ExtensibilityGlobals) = postSolution
		SolutionGuid = {61F7FB11-1E47-470C-91E2-47F8143E1572}
	EndGlobalSection
EndGlobal
